
Microsoft Visual Studio Solution File, Format Version 12.00
# Visual Studio Version 16
VisualStudioVersion = 16.0.29009.5
MinimumVisualStudioVersion = 10.0.40219.1
Project("{9A19103F-16F7-4668-BE54-9A1E7A4F7556}") = "Desafio.WebApp", "WebAppDesafio\Desafio.WebApp.csproj", "{B9B48AD5-3338-4ECB-A70D-6EAC7D110504}"
EndProject
Project("{9A19103F-16F7-4668-BE54-9A1E7A4F7556}") = "Desafio.Tests", "WebAppDesafio.Tests\Desafio.Tests.csproj", "{B2BB171F-B3F5-46DF-9791-AC6D7A5DC09B}"
EndProject
Project("{2150E333-8FDC-42A3-9474-1A3956D46DE8}") = "1 - Presentation", "1 - Presentation", "{0C9BE412-B2A7-4C2C-8376-75E9BC440CB5}"
EndProject
Project("{2150E333-8FDC-42A3-9474-1A3956D46DE8}") = "3 - Data", "3 - Data", "{0FB6AF48-29B1-4F50-9B2D-66DAF669DCD1}"
EndProject
Project("{2150E333-8FDC-42A3-9474-1A3956D46DE8}") = "4 - Domain", "4 - Domain", "{830C2873-59A1-4BE4-9C5F-8E313D0DD9D8}"
EndProject
Project("{2150E333-8FDC-42A3-9474-1A3956D46DE8}") = "2 - Services", "2 - Services", "{5563E93C-E78B-45CE-9AD4-4834BF4AC2F5}"
EndProject
Project("{9A19103F-16F7-4668-BE54-9A1E7A4F7556}") = "Desafio.VirusTotalServices", "VirusTotalServices\Desafio.VirusTotalServices.csproj", "{D3051AAF-6F06-4FC6-8991-4DA463A60E6E}"
EndProject
Project("{2150E333-8FDC-42A3-9474-1A3956D46DE8}") = "5 - Tests", "5 - Tests", "{F0FFD994-F631-4467-AF4A-138D3B99ED06}"
EndProject
Project("{9A19103F-16F7-4668-BE54-9A1E7A4F7556}") = "Desafio.Data", "DataDesafio\Desafio.Data.csproj", "{2B0AA1E1-BB80-48C1-BAAA-4E4F2AFC69D6}"
EndProject
Project("{2150E333-8FDC-42A3-9474-1A3956D46DE8}") = "Solution Items", "Solution Items", "{D052E13D-FE78-4834-909B-458942E97E00}"
	ProjectSection(SolutionItems) = preProject
		Readme.md = Readme.md
	EndProjectSection
EndProject
Project("{FAE04EC0-301F-11D3-BF4B-00C04F79EFBC}") = "Desafio.Services", "Desafio.Services\Desafio.Services.csproj", "{88A92417-FC91-49CC-9826-8CB56C9A07A4}"
EndProject
Project("{FAE04EC0-301F-11D3-BF4B-00C04F79EFBC}") = "Desafio.Domain", "Desafio.Domain\Desafio.Domain.csproj", "{1BBD22FD-DE4A-42BA-88A1-022557662998}"
EndProject
Project("{2150E333-8FDC-42A3-9474-1A3956D46DE8}") = "6 - Tasks", "6 - Tasks", "{7EC0D4F1-DE08-4CA0-BB10-20D28DAA8992}"
EndProject
Project("{FAE04EC0-301F-11D3-BF4B-00C04F79EFBC}") = "Desafio.Jobs", "Desafio.Jobs\Desafio.Jobs.csproj", "{BF93D5B5-A42B-44B8-84D4-20A2B2D0B177}"
EndProject
Project("{FAE04EC0-301F-11D3-BF4B-00C04F79EFBC}") = "Desafio.ConsoleUpload", "Desafio.ConsoleUpload\Desafio.ConsoleUpload.csproj", "{DEBE2DC5-FF23-475E-9330-A60A5E8BF19D}"
EndProject
Global
	GlobalSection(SolutionConfigurationPlatforms) = preSolution
		Debug|Any CPU = Debug|Any CPU
		Release|Any CPU = Release|Any CPU
	EndGlobalSection
	GlobalSection(ProjectConfigurationPlatforms) = postSolution
		{B9B48AD5-3338-4ECB-A70D-6EAC7D110504}.Debug|Any CPU.ActiveCfg = Debug|Any CPU
		{B9B48AD5-3338-4ECB-A70D-6EAC7D110504}.Debug|Any CPU.Build.0 = Debug|Any CPU
		{B9B48AD5-3338-4ECB-A70D-6EAC7D110504}.Release|Any CPU.ActiveCfg = Release|Any CPU
		{B9B48AD5-3338-4ECB-A70D-6EAC7D110504}.Release|Any CPU.Build.0 = Release|Any CPU
		{B2BB171F-B3F5-46DF-9791-AC6D7A5DC09B}.Debug|Any CPU.ActiveCfg = Debug|Any CPU
		{B2BB171F-B3F5-46DF-9791-AC6D7A5DC09B}.Debug|Any CPU.Build.0 = Debug|Any CPU
		{B2BB171F-B3F5-46DF-9791-AC6D7A5DC09B}.Release|Any CPU.ActiveCfg = Release|Any CPU
		{B2BB171F-B3F5-46DF-9791-AC6D7A5DC09B}.Release|Any CPU.Build.0 = Release|Any CPU
		{D3051AAF-6F06-4FC6-8991-4DA463A60E6E}.Debug|Any CPU.ActiveCfg = Debug|Any CPU
		{D3051AAF-6F06-4FC6-8991-4DA463A60E6E}.Debug|Any CPU.Build.0 = Debug|Any CPU
		{D3051AAF-6F06-4FC6-8991-4DA463A60E6E}.Release|Any CPU.ActiveCfg = Release|Any CPU
		{D3051AAF-6F06-4FC6-8991-4DA463A60E6E}.Release|Any CPU.Build.0 = Release|Any CPU
		{2B0AA1E1-BB80-48C1-BAAA-4E4F2AFC69D6}.Debug|Any CPU.ActiveCfg = Debug|Any CPU
		{2B0AA1E1-BB80-48C1-BAAA-4E4F2AFC69D6}.Debug|Any CPU.Build.0 = Debug|Any CPU
		{2B0AA1E1-BB80-48C1-BAAA-4E4F2AFC69D6}.Release|Any CPU.ActiveCfg = Release|Any CPU
		{2B0AA1E1-BB80-48C1-BAAA-4E4F2AFC69D6}.Release|Any CPU.Build.0 = Release|Any CPU
		{88A92417-FC91-49CC-9826-8CB56C9A07A4}.Debug|Any CPU.ActiveCfg = Debug|Any CPU
		{88A92417-FC91-49CC-9826-8CB56C9A07A4}.Debug|Any CPU.Build.0 = Debug|Any CPU
		{88A92417-FC91-49CC-9826-8CB56C9A07A4}.Release|Any CPU.ActiveCfg = Release|Any CPU
		{88A92417-FC91-49CC-9826-8CB56C9A07A4}.Release|Any CPU.Build.0 = Release|Any CPU
		{1BBD22FD-DE4A-42BA-88A1-022557662998}.Debug|Any CPU.ActiveCfg = Debug|Any CPU
		{1BBD22FD-DE4A-42BA-88A1-022557662998}.Debug|Any CPU.Build.0 = Debug|Any CPU
		{1BBD22FD-DE4A-42BA-88A1-022557662998}.Release|Any CPU.ActiveCfg = Release|Any CPU
		{1BBD22FD-DE4A-42BA-88A1-022557662998}.Release|Any CPU.Build.0 = Release|Any CPU
		{BF93D5B5-A42B-44B8-84D4-20A2B2D0B177}.Debug|Any CPU.ActiveCfg = Debug|Any CPU
		{BF93D5B5-A42B-44B8-84D4-20A2B2D0B177}.Debug|Any CPU.Build.0 = Debug|Any CPU
		{BF93D5B5-A42B-44B8-84D4-20A2B2D0B177}.Release|Any CPU.ActiveCfg = Release|Any CPU
		{BF93D5B5-A42B-44B8-84D4-20A2B2D0B177}.Release|Any CPU.Build.0 = Release|Any CPU
		{DEBE2DC5-FF23-475E-9330-A60A5E8BF19D}.Debug|Any CPU.ActiveCfg = Debug|Any CPU
		{DEBE2DC5-FF23-475E-9330-A60A5E8BF19D}.Debug|Any CPU.Build.0 = Debug|Any CPU
		{DEBE2DC5-FF23-475E-9330-A60A5E8BF19D}.Release|Any CPU.ActiveCfg = Release|Any CPU
		{DEBE2DC5-FF23-475E-9330-A60A5E8BF19D}.Release|Any CPU.Build.0 = Release|Any CPU
	EndGlobalSection
	GlobalSection(SolutionProperties) = preSolution
		HideSolutionNode = FALSE
	EndGlobalSection
	GlobalSection(NestedProjects) = preSolution
		{B9B48AD5-3338-4ECB-A70D-6EAC7D110504} = {0C9BE412-B2A7-4C2C-8376-75E9BC440CB5}
		{B2BB171F-B3F5-46DF-9791-AC6D7A5DC09B} = {F0FFD994-F631-4467-AF4A-138D3B99ED06}
		{D3051AAF-6F06-4FC6-8991-4DA463A60E6E} = {5563E93C-E78B-45CE-9AD4-4834BF4AC2F5}
		{2B0AA1E1-BB80-48C1-BAAA-4E4F2AFC69D6} = {0FB6AF48-29B1-4F50-9B2D-66DAF669DCD1}
		{88A92417-FC91-49CC-9826-8CB56C9A07A4} = {5563E93C-E78B-45CE-9AD4-4834BF4AC2F5}
		{1BBD22FD-DE4A-42BA-88A1-022557662998} = {830C2873-59A1-4BE4-9C5F-8E313D0DD9D8}
		{BF93D5B5-A42B-44B8-84D4-20A2B2D0B177} = {7EC0D4F1-DE08-4CA0-BB10-20D28DAA8992}
		{DEBE2DC5-FF23-475E-9330-A60A5E8BF19D} = {0C9BE412-B2A7-4C2C-8376-75E9BC440CB5}
	EndGlobalSection
	GlobalSection(ExtensibilityGlobals) = postSolution
		SolutionGuid = {7DC10724-9E18-4C5E-A944-42E281AEBC54}
	EndGlobalSection
EndGlobal
